
Microsoft Visual Studio Solution File, Format Version 12.00
Project("{FAE04EC0-301F-11D3-BF4B-00C04F79EFBC}") = "OddNumber", "OddNumber\OddNumber.csproj", "{7FF58F5D-4E6A-4068-8311-D14EA28CA631}"
EndProject
Global
	GlobalSection(SolutionConfigurationPlatforms) = preSolution
		Debug|Any CPU = Debug|Any CPU
		Release|Any CPU = Release|Any CPU
	EndGlobalSection
	GlobalSection(ProjectConfigurationPlatforms) = postSolution
		{7FF58F5D-4E6A-4068-8311-D14EA28CA631}.Debug|Any CPU.ActiveCfg = Debug|Any CPU
		{7FF58F5D-4E6A-4068-8311-D14EA28CA631}.Debug|Any CPU.Build.0 = Debug|Any CPU
		{7FF58F5D-4E6A-4068-8311-D14EA28CA631}.Release|Any CPU.ActiveCfg = Release|Any CPU
		{7FF58F5D-4E6A-4068-8311-D14EA28CA631}.Release|Any CPU.Build.0 = Release|Any CPU
	EndGlobalSection
EndGlobal
